
Microsoft Visual Studio Solution File, Format Version 12.00
# Visual Studio Version 17
VisualStudioVersion = 17.8.34408.163
MinimumVisualStudioVersion = 10.0.40219.1
Project("{FAE04EC0-301F-11D3-BF4B-00C04F79EFBC}") = "BTWindowForm_bai1", "BTWindowForm\BTWindowForm_bai1.csproj", "{6EFACB5B-AE57-45D2-AD93-9AEC10AAD878}"
EndProject
Project("{FAE04EC0-301F-11D3-BF4B-00C04F79EFBC}") = "BTWindowForm_Bai2", "BTWindowForm_Bai2\BTWindowForm_Bai2.csproj", "{857B734A-1445-460A-9B04-4BF4B1818D85}"
EndProject
Global
	GlobalSection(SolutionConfigurationPlatforms) = preSolution
		Debug|Any CPU = Debug|Any CPU
		Release|Any CPU = Release|Any CPU
	EndGlobalSection
	GlobalSection(ProjectConfigurationPlatforms) = postSolution
		{6EFACB5B-AE57-45D2-AD93-9AEC10AAD878}.Debug|Any CPU.ActiveCfg = Debug|Any CPU
		{6EFACB5B-AE57-45D2-AD93-9AEC10AAD878}.Debug|Any CPU.Build.0 = Debug|Any CPU
		{6EFACB5B-AE57-45D2-AD93-9AEC10AAD878}.Release|Any CPU.ActiveCfg = Release|Any CPU
		{6EFACB5B-AE57-45D2-AD93-9AEC10AAD878}.Release|Any CPU.Build.0 = Release|Any CPU
		{857B734A-1445-460A-9B04-4BF4B1818D85}.Debug|Any CPU.ActiveCfg = Debug|Any CPU
		{857B734A-1445-460A-9B04-4BF4B1818D85}.Debug|Any CPU.Build.0 = Debug|Any CPU
		{857B734A-1445-460A-9B04-4BF4B1818D85}.Release|Any CPU.ActiveCfg = Release|Any CPU
		{857B734A-1445-460A-9B04-4BF4B1818D85}.Release|Any CPU.Build.0 = Release|Any CPU
	EndGlobalSection
	GlobalSection(SolutionProperties) = preSolution
		HideSolutionNode = FALSE
	EndGlobalSection
	GlobalSection(ExtensibilityGlobals) = postSolution
		SolutionGuid = {50C35FBE-7170-452B-B890-2A4AF9FAF8AD}
	EndGlobalSection
EndGlobal
